
Microsoft Visual Studio Solution File, Format Version 12.00
# Visual Studio Version 16
VisualStudioVersion = 16.0.31829.152
MinimumVisualStudioVersion = 10.0.40219.1
Project("{FAE04EC0-301F-11D3-BF4B-00C04F79EFBC}") = "Partea2", "Partea2.csproj", "{036BB859-4E68-4609-9520-E1326DF834CA}"
EndProject
Global
	GlobalSection(SolutionConfigurationPlatforms) = preSolution
		Debug|Any CPU = Debug|Any CPU
		Release|Any CPU = Release|Any CPU
	EndGlobalSection
	GlobalSection(ProjectConfigurationPlatforms) = postSolution
		{036BB859-4E68-4609-9520-E1326DF834CA}.Debug|Any CPU.ActiveCfg = Debug|Any CPU
		{036BB859-4E68-4609-9520-E1326DF834CA}.Debug|Any CPU.Build.0 = Debug|Any CPU
		{036BB859-4E68-4609-9520-E1326DF834CA}.Release|Any CPU.ActiveCfg = Release|Any CPU
		{036BB859-4E68-4609-9520-E1326DF834CA}.Release|Any CPU.Build.0 = Release|Any CPU
	EndGlobalSection
	GlobalSection(SolutionProperties) = preSolution
		HideSolutionNode = FALSE
	EndGlobalSection
	GlobalSection(ExtensibilityGlobals) = postSolution
		SolutionGuid = {D7FA8AFA-4068-4D5C-93D0-F3F9C94D4D3F}
	EndGlobalSection
EndGlobal
